
Microsoft Visual Studio Solution File, Format Version 12.00
# Visual Studio Version 16
VisualStudioVersion = 16.0.31515.178
MinimumVisualStudioVersion = 10.0.40219.1
Project("{9A19103F-16F7-4668-BE54-9A1E7A4F7556}") = "LibraryNetCoreAPI", "LibraryNetCoreAPI\LibraryNetCoreAPI.csproj", "{C6BC794D-FEA8-4037-A8CE-E1BAA854330C}"
EndProject
Project("{FAE04EC0-301F-11D3-BF4B-00C04F79EFBC}") = "LibraryNetCoreAPI.Tests", "LibraryNetCoreAPI.Tests\LibraryNetCoreAPI.Tests.csproj", "{2BA5AF93-77A0-49A3-BC8E-754B13931108}"
EndProject
Global
	GlobalSection(SolutionConfigurationPlatforms) = preSolution
		Debug|Any CPU = Debug|Any CPU
		Release|Any CPU = Release|Any CPU
	EndGlobalSection
	GlobalSection(ProjectConfigurationPlatforms) = postSolution
		{C6BC794D-FEA8-4037-A8CE-E1BAA854330C}.Debug|Any CPU.ActiveCfg = Debug|Any CPU
		{C6BC794D-FEA8-4037-A8CE-E1BAA854330C}.Debug|Any CPU.Build.0 = Debug|Any CPU
		{C6BC794D-FEA8-4037-A8CE-E1BAA854330C}.Release|Any CPU.ActiveCfg = Release|Any CPU
		{C6BC794D-FEA8-4037-A8CE-E1BAA854330C}.Release|Any CPU.Build.0 = Release|Any CPU
		{2BA5AF93-77A0-49A3-BC8E-754B13931108}.Debug|Any CPU.ActiveCfg = Debug|Any CPU
		{2BA5AF93-77A0-49A3-BC8E-754B13931108}.Debug|Any CPU.Build.0 = Debug|Any CPU
		{2BA5AF93-77A0-49A3-BC8E-754B13931108}.Release|Any CPU.ActiveCfg = Release|Any CPU
		{2BA5AF93-77A0-49A3-BC8E-754B13931108}.Release|Any CPU.Build.0 = Release|Any CPU
	EndGlobalSection
	GlobalSection(SolutionProperties) = preSolution
		HideSolutionNode = FALSE
	EndGlobalSection
	GlobalSection(ExtensibilityGlobals) = postSolution
		SolutionGuid = {574CA082-EB15-496B-B9C7-AEDA59EC1A6F}
	EndGlobalSection
EndGlobal
